
Microsoft Visual Studio Solution File, Format Version 12.00
# Visual Studio Version 16
VisualStudioVersion = 16.0.29411.108
MinimumVisualStudioVersion = 10.0.40219.1
Project("{FAE04EC0-301F-11D3-BF4B-00C04F79EFBC}") = "BestPracticesHandlingErrors", "BestPracticesHandlingErrors\BestPracticesHandlingErrors.csproj", "{A8DC795B-A69E-4B28-A540-A9251CE48FC3}"
EndProject
Global
	GlobalSection(SolutionConfigurationPlatforms) = preSolution
		Debug|Any CPU = Debug|Any CPU
		Release|Any CPU = Release|Any CPU
	EndGlobalSection
	GlobalSection(ProjectConfigurationPlatforms) = postSolution
		{A8DC795B-A69E-4B28-A540-A9251CE48FC3}.Debug|Any CPU.ActiveCfg = Debug|Any CPU
		{A8DC795B-A69E-4B28-A540-A9251CE48FC3}.Debug|Any CPU.Build.0 = Debug|Any CPU
		{A8DC795B-A69E-4B28-A540-A9251CE48FC3}.Release|Any CPU.ActiveCfg = Release|Any CPU
		{A8DC795B-A69E-4B28-A540-A9251CE48FC3}.Release|Any CPU.Build.0 = Release|Any CPU
	EndGlobalSection
	GlobalSection(SolutionProperties) = preSolution
		HideSolutionNode = FALSE
	EndGlobalSection
	GlobalSection(ExtensibilityGlobals) = postSolution
		SolutionGuid = {5BDA2DC9-2A8F-4717-847E-682C2FED291C}
	EndGlobalSection
EndGlobal
